# This file was autogenerated by Stack.
# You should not edit this file by hand.
# For more information, please see the documentation at:
#   https://docs.haskellstack.org/en/stable/lock_files

packages:
- completed:
    hackage: smtp-mail-0.2.0.0@sha256:b91c81f6dbb41a9ceee8c443385118684ecec55006b77f7d3c0e49cffd2468cf,1211
    pantry-tree:
      size: 449
      sha256: 413c4c7e7c7573c8bf906c136a282aebfe37ecc25492ff4b5ec8c69ff8d190fe
  original:
    hackage: smtp-mail-0.2.0.0
- completed:
    hackage: systemd-1.2.0@sha256:94995d4f1268aa0049d1793b21adb1522b6041e270cea4095c43eb589cc7ce53,1389
    pantry-tree:
      size: 386
      sha256: 16d20860c99050194570c4760337a9d9c156580dbe0ae707f4039f6da1474a93
  original:
    hackage: systemd-1.2.0
- completed:
    hackage: yesod-bin-1.6.0.3@sha256:ef32daf926b2f037e51fa606c79599978b7b4fe633b8aa386dc9926afea889c7,3282
    pantry-tree:
      size: 711
      sha256: 692468c7ea0f1ee55655e662025997999b430485145eaa173423cfca45860240
  original:
    hackage: yesod-bin-1.6.0.3
- completed:
    hackage: yesod-table-2.0.3@sha256:221340f7546f18157b240a46d83cfc6334b93a4fba35a779856e0c219cabe3e2,940
    pantry-tree:
      size: 214
      sha256: 71884eaba975b5b6dd7fe522ac555cd9dae2290e55ae7e53ed45b86a7188da54
  original:
    hackage: yesod-table-2.0.3
snapshots:
- completed:
    size: 523700
    url: https://raw.githubusercontent.com/commercialhaskell/stackage-snapshots/master/lts/14/7.yaml
    sha256: 8e3f3c894be74d71fa4bf085e0a8baae7e4d7622d07ea31a52736b80f8b9bb1a
  original: lts-14.7
